PODS:
  - bpc_swvre (0.0.1):
    - Flutter
    - SwrveSDK
  - Flutter (1.0.0)
  - integration_test (0.0.1):
    - Flutter
  - SDWebImage (5.18.8):
    - SDWebImage/Core (= 5.18.8)
  - SDWebImage/Core (5.18.8)
  - SwrveSDK (8.9.0):
    - SDWebImage (~> 5.0)
    - SwrveSDKCommon (= 8.9.0)
  - SwrveSDKCommon (8.9.0)

DEPENDENCIES:
  - bpc_swvre (from `.symlinks/plugins/bpc_swvre/ios`)
  - Flutter (from `Flutter`)
  - integration_test (from `.symlinks/plugins/integration_test/ios`)

SPEC REPOS:
  trunk:
    - SDWebImage
    - SwrveSDK
    - SwrveSDKCommon

EXTERNAL SOURCES:
  bpc_swvre:
    :path: ".symlinks/plugins/bpc_swvre/ios"
  Flutter:
    :path: Flutter
  integration_test:
    :path: ".symlinks/plugins/integration_test/ios"

SPEC CHECKSUMS:
  bpc_swvre: 2cff2089c2cf6d1b84c03638585f73ccf1d45b27
  Flutter: f04841e97a9d0b0a8025694d0796dd46242b2854
  integration_test: 13825b8a9334a850581300559b8839134b124670
  SDWebImage: a81bbb3ba4ea5f810f4069c68727cb118467a04a
  SwrveSDK: 36b34dedcc5b21ef5e2a76cbbd9589d96a34556a
  SwrveSDKCommon: 59db7c44cc770a38d41a9af883e4c352ad264605

PODFILE CHECKSUM: 70d9d25280d0dd177a5f637cdb0f0b0b12c6a189

COCOAPODS: 1.14.3
